
Microsoft Visual Studio Solution File, Format Version 12.00
# Visual Studio Version 16
VisualStudioVersion = 16.0.31515.178
MinimumVisualStudioVersion = 10.0.40219.1
Project("{9A19103F-16F7-4668-BE54-9A1E7A4F7556}") = "PaymentAPI", "PaymentAPI\PaymentAPI.csproj", "{6FEDC0E2-A734-42D2-9045-C9D6806DE95D}"
EndProject
Global
	GlobalSection(SolutionConfigurationPlatforms) = preSolution
		Debug|Any CPU = Debug|Any CPU
		Release|Any CPU = Release|Any CPU
	EndGlobalSection
	GlobalSection(ProjectConfigurationPlatforms) = postSolution
		{6FEDC0E2-A734-42D2-9045-C9D6806DE95D}.Debug|Any CPU.ActiveCfg = Debug|Any CPU
		{6FEDC0E2-A734-42D2-9045-C9D6806DE95D}.Debug|Any CPU.Build.0 = Debug|Any CPU
		{6FEDC0E2-A734-42D2-9045-C9D6806DE95D}.Release|Any CPU.ActiveCfg = Release|Any CPU
		{6FEDC0E2-A734-42D2-9045-C9D6806DE95D}.Release|Any CPU.Build.0 = Release|Any CPU
	EndGlobalSection
	GlobalSection(SolutionProperties) = preSolution
		HideSolutionNode = FALSE
	EndGlobalSection
	GlobalSection(ExtensibilityGlobals) = postSolution
		SolutionGuid = {05BF50D7-7EEE-4D47-A197-9AC688A4F730}
	EndGlobalSection
EndGlobal
